
Microsoft Visual Studio Solution File, Format Version 12.00
# Visual Studio Version 17
VisualStudioVersion = 17.2.32516.85
MinimumVisualStudioVersion = 10.0.40219.1
Project("{FAE04EC0-301F-11D3-BF4B-00C04F79EFBC}") = "DalleMiniViewer", "DalleMiniViewer\DalleMiniViewer.csproj", "{01C5B024-209B-4B7B-8D01-85FA4906B068}"
EndProject
Global
	GlobalSection(SolutionConfigurationPlatforms) = preSolution
		Debug|Any CPU = Debug|Any CPU
		Release|Any CPU = Release|Any CPU
	EndGlobalSection
	GlobalSection(ProjectConfigurationPlatforms) = postSolution
		{01C5B024-209B-4B7B-8D01-85FA4906B068}.Debug|Any CPU.ActiveCfg = Debug|Any CPU
		{01C5B024-209B-4B7B-8D01-85FA4906B068}.Debug|Any CPU.Build.0 = Debug|Any CPU
		{01C5B024-209B-4B7B-8D01-85FA4906B068}.Release|Any CPU.ActiveCfg = Release|Any CPU
		{01C5B024-209B-4B7B-8D01-85FA4906B068}.Release|Any CPU.Build.0 = Release|Any CPU
	EndGlobalSection
	GlobalSection(SolutionProperties) = preSolution
		HideSolutionNode = FALSE
	EndGlobalSection
	GlobalSection(ExtensibilityGlobals) = postSolution
		SolutionGuid = {C6D21749-F7CF-4A3D-B967-277574888B9B}
	EndGlobalSection
EndGlobal
